{
    "_meta": {
        "hash": {
            "sha256": "93eb2a41af904cf9e02ef2dae8d649d9e115ac1fa078c7f27f10df58a224f2e5"
        },
        "pipfile-spec": 6,
        "requires": {
            "python_version": ">=3.8"
        },
        "sources": [
            {
                "name": "pypi",
                "url": "https://pypi.org/simple",
                "verify_ssl": true
            }
        ]
    },
    "default": {
        "exif": {
            "hashes": [
                "sha256:b6eaf1c11cd54a177231ff119eb0c1fb19f7a2d0402dd5a2b49dfe3d7fac7abc",
                "sha256:eac79c3359c01a4c96a5bebcbe8ce35729f2f49d13883c56cb8c0a1de362a556"
            ],
            "index": "pypi",
            "version": "==1.2.1"
        },
        "plum-py": {
            "hashes": [
                "sha256:9328ec7502046134c5f16b04d85947559006e200d7268b7d5ed30f88735a48e5"
            ],
            "markers": "python_version >= '3.6'",
            "version": "==0.3.1"
        }
    },
    "develop": {
        "wheel": {
            "hashes": [
                "sha256:78b5b185f0e5763c26ca1e324373aadd49182ca90e825f7853f4b2509215dc0e",
                "sha256:e11eefd162658ea59a60a0f6c7d493a7190ea4b9a85e335b33489d9f17e0245e"
            ],
            "index": "pypi",
            "version": "==0.36.2"
        }
    }
}
